// !$*UTF8*$!
{
	archiveVersion = 1;
	classes = {
	};
	objectVersion = 46;
	objects = {

/* Begin PBXBuildFile section */
		7E48577916C3E2BF0026B17C /* UIKit.framework in Frameworks */ = {isa = PBXBuildFile; fileRef = 7E48577816C3E2BF0026B17C /* UIKit.framework */; };
		7E48577B16C3E2BF0026B17C /* Foundation.framework in Frameworks */ = {isa = PBXBuildFile; fileRef = 7E48577A16C3E2BF0026B17C /* Foundation.framework */; };
		7E48577D16C3E2BF0026B17C /* CoreGraphics.framework in Frameworks */ = {isa = PBXBuildFile; fileRef = 7E48577C16C3E2BF0026B17C /* CoreGraphics.framework */; };
		7E48578316C3E2BF0026B17C /* InfoPlist.strings in Resources */ = {isa = PBXBuildFile; fileRef = 7E48578116C3E2BF0026B17C /* InfoPlist.strings */; };
		7E48578516C3E2BF0026B17C /* main.m in Sources */ = {isa = PBXBuildFile; fileRef = 7E48578416C3E2BF0026B17C /* main.m */; };
		7E48578916C3E2BF0026B17C /* ChengyuGameAppDelegate.m in Sources */ = {isa = PBXBuildFile; fileRef = 7E48578816C3E2BF0026B17C /* ChengyuGameAppDelegate.m */; };
		7E48578B16C3E2BF0026B17C /* Default.png in Resources */ = {isa = PBXBuildFile; fileRef = 7E48578A16C3E2BF0026B17C /* Default.png */; };
		7E48578D16C3E2BF0026B17C /* Default@2x.png in Resources */ = {isa = PBXBuildFile; fileRef = 7E48578C16C3E2BF0026B17C /* Default@2x.png */; };
		7E48578F16C3E2BF0026B17C /* Default-568h@2x.png in Resources */ = {isa = PBXBuildFile; fileRef = 7E48578E16C3E2BF0026B17C /* Default-568h@2x.png */; };
		7E48579216C3E2BF0026B17C /* MainStoryboard.storyboard in Resources */ = {isa = PBXBuildFile; fileRef = 7E48579016C3E2BF0026B17C /* MainStoryboard.storyboard */; };
		7E48579516C3E2BF0026B17C /* ChengyuGameViewController.m in Sources */ = {isa = PBXBuildFile; fileRef = 7E48579416C3E2BF0026B17C /* ChengyuGameViewController.m */; };
		7E4857A116C3E6BA0026B17C /* Tile.m in Sources */ = {isa = PBXBuildFile; fileRef = 7E4857A016C3E6BA0026B17C /* Tile.m */; };
		7E4857A416C3EE990026B17C /* CharacterTile.m in Sources */ = {isa = PBXBuildFile; fileRef = 7E4857A316C3EE990026B17C /* CharacterTile.m */; };
		7E4857A716C532920026B17C /* CharacterTileView.m in Sources */ = {isa = PBXBuildFile; fileRef = 7E4857A616C532920026B17C /* CharacterTileView.m */; };
		7E4857B416CC700F0026B17C /* CharacterTileCollectionViewCell.m in Sources */ = {isa = PBXBuildFile; fileRef = 7E4857B316CC700F0026B17C /* CharacterTileCollectionViewCell.m */; };
		7E4857B716CFAB110026B17C /* ChengyuGame.m in Sources */ = {isa = PBXBuildFile; fileRef = 7E4857B616CFAB110026B17C /* ChengyuGame.m */; };
/* End PBXBuildFile section */

/* Begin PBXFileReference section */
		7E48577516C3E2BF0026B17C /* ChengyuGame.app */ = {isa = PBXFileReference; explicitFileType = wrapper.application; includeInIndex = 0; path = ChengyuGame.app; sourceTree = BUILT_PRODUCTS_DIR; };
		7E48577816C3E2BF0026B17C /* UIKit.framework */ = {isa = PBXFileReference; lastKnownFileType = wrapper.framework; name = UIKit.framework; path = System/Library/Frameworks/UIKit.framework; sourceTree = SDKROOT; };
		7E48577A16C3E2BF0026B17C /* Foundation.framework */ = {isa = PBXFileReference; lastKnownFileType = wrapper.framework; name = Foundation.framework; path = System/Library/Frameworks/Foundation.framework; sourceTree = SDKROOT; };
		7E48577C16C3E2BF0026B17C /* CoreGraphics.framework */ = {isa = PBXFileReference; lastKnownFileType = wrapper.framework; name = CoreGraphics.framework; path = System/Library/Frameworks/CoreGraphics.framework; sourceTree = SDKROOT; };
		7E48578016C3E2BF0026B17C /* ChengyuGame-Info.plist */ = {isa = PBXFileReference; lastKnownFileType = text.plist.xml; path = "ChengyuGame-Info.plist"; sourceTree = "<group>"; };
		7E48578216C3E2BF0026B17C /* en */ = {isa = PBXFileReference; lastKnownFileType = text.plist.strings; name = en; path = en.lproj/InfoPlist.strings; sourceTree = "<group>"; };
		7E48578416C3E2BF0026B17C /* main.m */ = {isa = PBXFileReference; lastKnownFileType = sourcecode.c.objc; path = main.m; sourceTree = "<group>"; };
		7E48578616C3E2BF0026B17C /* ChengyuGame-Prefix.pch */ = {isa = PBXFileReference; lastKnownFileType = sourcecode.c.h; path = "ChengyuGame-Prefix.pch"; sourceTree = "<group>"; };
		7E48578716C3E2BF0026B17C /* ChengyuGameAppDelegate.h */ = {isa = PBXFileReference; lastKnownFileType = sourcecode.c.h; path = ChengyuGameAppDelegate.h; sourceTree = "<group>"; };
		7E48578816C3E2BF0026B17C /* ChengyuGameAppDelegate.m */ = {isa = PBXFileReference; lastKnownFileType = sourcecode.c.objc; path = ChengyuGameAppDelegate.m; sourceTree = "<group>"; };
		7E48578A16C3E2BF0026B17C /* Default.png */ = {isa = PBXFileReference; lastKnownFileType = image.png; path = Default.png; sourceTree = "<group>"; };
		7E48578C16C3E2BF0026B17C /* Default@2x.png */ = {isa = PBXFileReference; lastKnownFileType = image.png; path = "Default@2x.png"; sourceTree = "<group>"; };
		7E48578E16C3E2BF0026B17C /* Default-568h@2x.png */ = {isa = PBXFileReference; lastKnownFileType = image.png; path = "Default-568h@2x.png"; sourceTree = "<group>"; };
		7E48579116C3E2BF0026B17C /* en */ = {isa = PBXFileReference; lastKnownFileType = file.storyboard; name = en; path = en.lproj/MainStoryboard.storyboard; sourceTree = "<group>"; };
		7E48579316C3E2BF0026B17C /* ChengyuGameViewController.h */ = {isa = PBXFileReference; lastKnownFileType = sourcecode.c.h; path = ChengyuGameViewController.h; sourceTree = "<group>"; };
		7E48579416C3E2BF0026B17C /* ChengyuGameViewController.m */ = {isa = PBXFileReference; lastKnownFileType = sourcecode.c.objc; path = ChengyuGameViewController.m; sourceTree = "<group>"; };
		7E48579F16C3E6BA0026B17C /* Tile.h */ = {isa = PBXFileReference; fileEncoding = 4; lastKnownFileType = sourcecode.c.h; name = Tile.h; path = Model/Tile.h; sourceTree = "<group>"; };
		7E4857A016C3E6BA0026B17C /* Tile.m */ = {isa = PBXFileReference; fileEncoding = 4; lastKnownFileType = sourcecode.c.objc; name = Tile.m; path = Model/Tile.m; sourceTree = "<group>"; };
		7E4857A216C3EE990026B17C /* CharacterTile.h */ = {isa = PBXFileReference; fileEncoding = 4; lastKnownFileType = sourcecode.c.h; name = CharacterTile.h; path = Model/CharacterTile.h; sourceTree = "<group>"; };
		7E4857A316C3EE990026B17C /* CharacterTile.m */ = {isa = PBXFileReference; fileEncoding = 4; lastKnownFileType = sourcecode.c.objc; name = CharacterTile.m; path = Model/CharacterTile.m; sourceTree = "<group>"; };
		7E4857A516C532920026B17C /* CharacterTileView.h */ = {isa = PBXFileReference; fileEncoding = 4; lastKnownFileType = sourcecode.c.h; path = CharacterTileView.h; sourceTree = "<group>"; };
		7E4857A616C532920026B17C /* CharacterTileView.m */ = {isa = PBXFileReference; fileEncoding = 4; lastKnownFileType = sourcecode.c.objc; path = CharacterTileView.m; sourceTree = "<group>"; };
		7E4857B216CC700F0026B17C /* CharacterTileCollectionViewCell.h */ = {isa = PBXFileReference; fileEncoding = 4; lastKnownFileType = sourcecode.c.h; path = CharacterTileCollectionViewCell.h; sourceTree = "<group>"; };
		7E4857B316CC700F0026B17C /* CharacterTileCollectionViewCell.m */ = {isa = PBXFileReference; fileEncoding = 4; lastKnownFileType = sourcecode.c.objc; path = CharacterTileCollectionViewCell.m; sourceTree = "<group>"; };
		7E4857B516CFAB110026B17C /* ChengyuGame.h */ = {isa = PBXFileReference; fileEncoding = 4; lastKnownFileType = sourcecode.c.h; name = ChengyuGame.h; path = Model/ChengyuGame.h; sourceTree = "<group>"; };
		7E4857B616CFAB110026B17C /* ChengyuGame.m */ = {isa = PBXFileReference; fileEncoding = 4; lastKnownFileType = sourcecode.c.objc; name = ChengyuGame.m; path = Model/ChengyuGame.m; sourceTree = "<group>"; };
/* End PBXFileReference section */

/* Begin PBXFrameworksBuildPhase section */
		7E48577216C3E2BF0026B17C /* Frameworks */ = {
			isa = PBXFrameworksBuildPhase;
			buildActionMask = 2147483647;
			files = (
				7E48577916C3E2BF0026B17C /* UIKit.framework in Frameworks */,
				7E48577B16C3E2BF0026B17C /* Foundation.framework in Frameworks */,
				7E48577D16C3E2BF0026B17C /* CoreGraphics.framework in Frameworks */,
			);
			runOnlyForDeploymentPostprocessing = 0;
		};
/* End PBXFrameworksBuildPhase section */

/* Begin PBXGroup section */
		7E48576C16C3E2BF0026B17C = {
			isa = PBXGroup;
			children = (
				7E48577E16C3E2BF0026B17C /* ChengyuGame */,
				7E48577716C3E2BF0026B17C /* Frameworks */,
				7E48577616C3E2BF0026B17C /* Products */,
			);
			sourceTree = "<group>";
		};
		7E48577616C3E2BF0026B17C /* Products */ = {
			isa = PBXGroup;
			children = (
				7E48577516C3E2BF0026B17C /* ChengyuGame.app */,
			);
			name = Products;
			sourceTree = "<group>";
		};
		7E48577716C3E2BF0026B17C /* Frameworks */ = {
			isa = PBXGroup;
			children = (
				7E48577816C3E2BF0026B17C /* UIKit.framework */,
				7E48577A16C3E2BF0026B17C /* Foundation.framework */,
				7E48577C16C3E2BF0026B17C /* CoreGraphics.framework */,
			);
			name = Frameworks;
			sourceTree = "<group>";
		};
		7E48577E16C3E2BF0026B17C /* ChengyuGame */ = {
			isa = PBXGroup;
			children = (
				7E48579016C3E2BF0026B17C /* MainStoryboard.storyboard */,
				7E48579316C3E2BF0026B17C /* ChengyuGameViewController.h */,
				7E48579416C3E2BF0026B17C /* ChengyuGameViewController.m */,
				7E4857A516C532920026B17C /* CharacterTileView.h */,
				7E4857A616C532920026B17C /* CharacterTileView.m */,
				7E4857B216CC700F0026B17C /* CharacterTileCollectionViewCell.h */,
				7E4857B316CC700F0026B17C /* CharacterTileCollectionViewCell.m */,
				7E48579E16C3E5A70026B17C /* Model */,
				7E48577F16C3E2BF0026B17C /* Supporting Files */,
			);
			path = ChengyuGame;
			sourceTree = "<group>";
		};
		7E48577F16C3E2BF0026B17C /* Supporting Files */ = {
			isa = PBXGroup;
			children = (
				7E48578716C3E2BF0026B17C /* ChengyuGameAppDelegate.h */,
				7E48578816C3E2BF0026B17C /* ChengyuGameAppDelegate.m */,
				7E48578016C3E2BF0026B17C /* ChengyuGame-Info.plist */,
				7E48578116C3E2BF0026B17C /* InfoPlist.strings */,
				7E48578416C3E2BF0026B17C /* main.m */,
				7E48578616C3E2BF0026B17C /* ChengyuGame-Prefix.pch */,
				7E48578A16C3E2BF0026B17C /* Default.png */,
				7E48578C16C3E2BF0026B17C /* Default@2x.png */,
				7E48578E16C3E2BF0026B17C /* Default-568h@2x.png */,
			);
			name = "Supporting Files";
			sourceTree = "<group>";
		};
		7E48579E16C3E5A70026B17C /* Model */ = {
			isa = PBXGroup;
			children = (
				7E4857B516CFAB110026B17C /* ChengyuGame.h */,
				7E4857B616CFAB110026B17C /* ChengyuGame.m */,
				7E48579F16C3E6BA0026B17C /* Tile.h */,
				7E4857A016C3E6BA0026B17C /* Tile.m */,
				7E4857A216C3EE990026B17C /* CharacterTile.h */,
				7E4857A316C3EE990026B17C /* CharacterTile.m */,
			);
			name = Model;
			sourceTree = "<group>";
		};
/* End PBXGroup section */

/* Begin PBXNativeTarget section */
		7E48577416C3E2BF0026B17C /* ChengyuGame */ = {
			isa = PBXNativeTarget;
			buildConfigurationList = 7E48579816C3E2BF0026B17C /* Build configuration list for PBXNativeTarget "ChengyuGame" */;
			buildPhases = (
				7E48577116C3E2BF0026B17C /* Sources */,
				7E48577216C3E2BF0026B17C /* Frameworks */,
				7E48577316C3E2BF0026B17C /* Resources */,
			);
			buildRules = (
			);
			dependencies = (
			);
			name = ChengyuGame;
			productName = ChengyuGame;
			productReference = 7E48577516C3E2BF0026B17C /* ChengyuGame.app */;
			productType = "com.apple.product-type.application";
		};
/* End PBXNativeTarget section */

/* Begin PBXProject section */
		7E48576D16C3E2BF0026B17C /* Project object */ = {
			isa = PBXProject;
			attributes = {
				CLASSPREFIX = ChengyuGame;
				LastUpgradeCheck = 0460;
				ORGANIZATIONNAME = "Nathan Chan";
			};
			buildConfigurationList = 7E48577016C3E2BF0026B17C /* Build configuration list for PBXProject "ChengyuGame" */;
			compatibilityVersion = "Xcode 3.2";
			developmentRegion = English;
			hasScannedForEncodings = 0;
			knownRegions = (
				en,
			);
			mainGroup = 7E48576C16C3E2BF0026B17C;
			productRefGroup = 7E48577616C3E2BF0026B17C /* Products */;
			projectDirPath = "";
			projectRoot = "";
			targets = (
				7E48577416C3E2BF0026B17C /* ChengyuGame */,
			);
		};
/* End PBXProject section */

/* Begin PBXResourcesBuildPhase section */
		7E48577316C3E2BF0026B17C /* Resources */ = {
			isa = PBXResourcesBuildPhase;
			buildActionMask = 2147483647;
			files = (
				7E48578316C3E2BF0026B17C /* InfoPlist.strings in Resources */,
				7E48578B16C3E2BF0026B17C /* Default.png in Resources */,
				7E48578D16C3E2BF0026B17C /* Default@2x.png in Resources */,
				7E48578F16C3E2BF0026B17C /* Default-568h@2x.png in Resources */,
				7E48579216C3E2BF0026B17C /* MainStoryboard.storyboard in Resources */,
			);
			runOnlyForDeploymentPostprocessing = 0;
		};
/* End PBXResourcesBuildPhase section */

/* Begin PBXSourcesBuildPhase section */
		7E48577116C3E2BF0026B17C /* Sources */ = {
			isa = PBXSourcesBuildPhase;
			buildActionMask = 2147483647;
			files = (
				7E48578516C3E2BF0026B17C /* main.m in Sources */,
				7E48578916C3E2BF0026B17C /* ChengyuGameAppDelegate.m in Sources */,
				7E48579516C3E2BF0026B17C /* ChengyuGameViewController.m in Sources */,
				7E4857A116C3E6BA0026B17C /* Tile.m in Sources */,
				7E4857A416C3EE990026B17C /* CharacterTile.m in Sources */,
				7E4857A716C532920026B17C /* CharacterTileView.m in Sources */,
				7E4857B416CC700F0026B17C /* CharacterTileCollectionViewCell.m in Sources */,
				7E4857B716CFAB110026B17C /* ChengyuGame.m in Sources */,
			);
			runOnlyForDeploymentPostprocessing = 0;
		};
/* End PBXSourcesBuildPhase section */

/* Begin PBXVariantGroup section */
		7E48578116C3E2BF0026B17C /* InfoPlist.strings */ = {
			isa = PBXVariantGroup;
			children = (
				7E48578216C3E2BF0026B17C /* en */,
			);
			name = InfoPlist.strings;
			sourceTree = "<group>";
		};
		7E48579016C3E2BF0026B17C /* MainStoryboard.storyboard */ = {
			isa = PBXVariantGroup;
			children = (
				7E48579116C3E2BF0026B17C /* en */,
			);
			name = MainStoryboard.storyboard;
			sourceTree = "<group>";
		};
/* End PBXVariantGroup section */

/* Begin XCBuildConfiguration section */
		7E48579616C3E2BF0026B17C /* Debug */ = {
			isa = XCBuildConfiguration;
			buildSettings = {
				ALWAYS_SEARCH_USER_PATHS = NO;
				CLANG_CXX_LANGUAGE_STANDARD = "gnu++0x";
				CLANG_CXX_LIBRARY = "libc++";
				CLANG_ENABLE_OBJC_ARC = YES;
				CLANG_WARN_CONSTANT_CONVERSION = YES;
				CLANG_WARN_EMPTY_BODY = YES;
				CLANG_WARN_ENUM_CONVERSION = YES;
				CLANG_WARN_INT_CONVERSION = YES;
				CLANG_WARN__DUPLICATE_METHOD_MATCH = YES;
				"CODE_SIGN_IDENTITY[sdk=iphoneos*]" = "iPhone Developer";
				COPY_PHASE_STRIP = NO;
				GCC_C_LANGUAGE_STANDARD = gnu99;
				GCC_DYNAMIC_NO_PIC = NO;
				GCC_OPTIMIZATION_LEVEL = 0;
				GCC_PREPROCESSOR_DEFINITIONS = (
					"DEBUG=1",
					"$(inherited)",
				);
				GCC_SYMBOLS_PRIVATE_EXTERN = NO;
				GCC_WARN_ABOUT_RETURN_TYPE = YES;
				GCC_WARN_UNINITIALIZED_AUTOS = YES;
				GCC_WARN_UNUSED_VARIABLE = YES;
				IPHONEOS_DEPLOYMENT_TARGET = 6.1;
				ONLY_ACTIVE_ARCH = YES;
				SDKROOT = iphoneos;
			};
			name = Debug;
		};
		7E48579716C3E2BF0026B17C /* Release */ = {
			isa = XCBuildConfiguration;
			buildSettings = {
				ALWAYS_SEARCH_USER_PATHS = NO;
				CLANG_CXX_LANGUAGE_STANDARD = "gnu++0x";
				CLANG_CXX_LIBRARY = "libc++";
				CLANG_ENABLE_OBJC_ARC = YES;
				CLANG_WARN_CONSTANT_CONVERSION = YES;
				CLANG_WARN_EMPTY_BODY = YES;
				CLANG_WARN_ENUM_CONVERSION = YES;
				CLANG_WARN_INT_CONVERSION = YES;
				CLANG_WARN__DUPLICATE_METHOD_MATCH = YES;
				"CODE_SIGN_IDENTITY[sdk=iphoneos*]" = "iPhone Developer";
				COPY_PHASE_STRIP = YES;
				GCC_C_LANGUAGE_STANDARD = gnu99;
				GCC_WARN_ABOUT_RETURN_TYPE = YES;
				GCC_WARN_UNINITIALIZED_AUTOS = YES;
				GCC_WARN_UNUSED_VARIABLE = YES;
				IPHONEOS_DEPLOYMENT_TARGET = 6.1;
				OTHER_CFLAGS = "-DNS_BLOCK_ASSERTIONS=1";
				SDKROOT = iphoneos;
				VALIDATE_PRODUCT = YES;
			};
			name = Release;
		};
		7E48579916C3E2BF0026B17C /* Debug */ = {
			isa = XCBuildConfiguration;
			buildSettings = {
				GCC_PRECOMPILE_PREFIX_HEADER = YES;
				GCC_PREFIX_HEADER = "ChengyuGame/ChengyuGame-Prefix.pch";
				INFOPLIST_FILE = "ChengyuGame/ChengyuGame-Info.plist";
				PRODUCT_NAME = "$(TARGET_NAME)";
				WRAPPER_EXTENSION = app;
			};
			name = Debug;
		};
		7E48579A16C3E2BF0026B17C /* Release */ = {
			isa = XCBuildConfiguration;
			buildSettings = {
				GCC_PRECOMPILE_PREFIX_HEADER = YES;
				GCC_PREFIX_HEADER = "ChengyuGame/ChengyuGame-Prefix.pch";
				INFOPLIST_FILE = "ChengyuGame/ChengyuGame-Info.plist";
				PRODUCT_NAME = "$(TARGET_NAME)";
				WRAPPER_EXTENSION = app;
			};
			name = Release;
		};
/* End XCBuildConfiguration section */

/* Begin XCConfigurationList section */
		7E48577016C3E2BF0026B17C /* Build configuration list for PBXProject "ChengyuGame" */ = {
			isa = XCConfigurationList;
			buildConfigurations = (
				7E48579616C3E2BF0026B17C /* Debug */,
				7E48579716C3E2BF0026B17C /* Release */,
			);
			defaultConfigurationIsVisible = 0;
			defaultConfigurationName = Release;
		};
		7E48579816C3E2BF0026B17C /* Build configuration list for PBXNativeTarget "ChengyuGame" */ = {
			isa = XCConfigurationList;
			buildConfigurations = (
				7E48579916C3E2BF0026B17C /* Debug */,
				7E48579A16C3E2BF0026B17C /* Release */,
			);
			defaultConfigurationIsVisible = 0;
		};
/* End XCConfigurationList section */
	};
	rootObject = 7E48576D16C3E2BF0026B17C /* Project object */;
}
